
Microsoft Visual Studio Solution File, Format Version 12.00
# Visual Studio Version 17
VisualStudioVersion = 17.11.35327.3
MinimumVisualStudioVersion = 10.0.40219.1
Project("{2150E333-8FDC-42A3-9474-1A3956D46DE8}") = "src", "src", "{D5A4D481-0C86-4C20-8973-38A402C036A6}"
	ProjectSection(SolutionItems) = preProject
		Dockerfile = Dockerfile
	EndProjectSection
EndProject
Project("{2150E333-8FDC-42A3-9474-1A3956D46DE8}") = "Core", "Core", "{48714993-982F-479F-89F3-87B72479A56B}"
EndProject
Project("{2150E333-8FDC-42A3-9474-1A3956D46DE8}") = "Infrastructure", "Infrastructure", "{0FD6FDC5-89A0-4274-A07B-9B21C9045696}"
EndProject
Project("{2150E333-8FDC-42A3-9474-1A3956D46DE8}") = "Presentation", "Presentation", "{69FD413F-953B-4881-B514-C3997FCB6E0F}"
EndProject
Project("{FAE04EC0-301F-11D3-BF4B-00C04F79EFBC}") = "Application", "Application\Application.csproj", "{27D55AEB-B29F-4047-8C4E-4EDDEF0D38E4}"
EndProject
Project("{FAE04EC0-301F-11D3-BF4B-00C04F79EFBC}") = "Domain", "Domain\Domain.csproj", "{75C25CAA-C37D-45D7-B95E-8F1AC9397D24}"
EndProject
Project("{FAE04EC0-301F-11D3-BF4B-00C04F79EFBC}") = "Persistence", "Persistence\Persistence.csproj", "{7EAFB7F2-816F-4A14-BEC2-EF17A327ED5B}"
EndProject
Project("{FAE04EC0-301F-11D3-BF4B-00C04F79EFBC}") = "Shared", "Shared\Shared.csproj", "{83E5E265-76E2-4A65-90F5-ED05E0040832}"
EndProject
Project("{FAE04EC0-301F-11D3-BF4B-00C04F79EFBC}") = "WebAPI", "WebAPI\WebAPI.csproj", "{FDE70907-D975-49E7-BD68-FF1AE78612EC}"
EndProject
Project("{FAE04EC0-301F-11D3-BF4B-00C04F79EFBC}") = "Identity", "Identity\Identity.csproj", "{4409A751-B49E-424D-B103-270D6A3F4E97}"
EndProject
Global
	GlobalSection(SolutionConfigurationPlatforms) = preSolution
		Debug|Any CPU = Debug|Any CPU
		Release|Any CPU = Release|Any CPU
	EndGlobalSection
	GlobalSection(ProjectConfigurationPlatforms) = postSolution
		{27D55AEB-B29F-4047-8C4E-4EDDEF0D38E4}.Debug|Any CPU.ActiveCfg = Debug|Any CPU
		{27D55AEB-B29F-4047-8C4E-4EDDEF0D38E4}.Debug|Any CPU.Build.0 = Debug|Any CPU
		{27D55AEB-B29F-4047-8C4E-4EDDEF0D38E4}.Release|Any CPU.ActiveCfg = Release|Any CPU
		{27D55AEB-B29F-4047-8C4E-4EDDEF0D38E4}.Release|Any CPU.Build.0 = Release|Any CPU
		{75C25CAA-C37D-45D7-B95E-8F1AC9397D24}.Debug|Any CPU.ActiveCfg = Debug|Any CPU
		{75C25CAA-C37D-45D7-B95E-8F1AC9397D24}.Debug|Any CPU.Build.0 = Debug|Any CPU
		{75C25CAA-C37D-45D7-B95E-8F1AC9397D24}.Release|Any CPU.ActiveCfg = Release|Any CPU
		{75C25CAA-C37D-45D7-B95E-8F1AC9397D24}.Release|Any CPU.Build.0 = Release|Any CPU
		{7EAFB7F2-816F-4A14-BEC2-EF17A327ED5B}.Debug|Any CPU.ActiveCfg = Debug|Any CPU
		{7EAFB7F2-816F-4A14-BEC2-EF17A327ED5B}.Debug|Any CPU.Build.0 = Debug|Any CPU
		{7EAFB7F2-816F-4A14-BEC2-EF17A327ED5B}.Release|Any CPU.ActiveCfg = Release|Any CPU
		{7EAFB7F2-816F-4A14-BEC2-EF17A327ED5B}.Release|Any CPU.Build.0 = Release|Any CPU
		{83E5E265-76E2-4A65-90F5-ED05E0040832}.Debug|Any CPU.ActiveCfg = Debug|Any CPU
		{83E5E265-76E2-4A65-90F5-ED05E0040832}.Debug|Any CPU.Build.0 = Debug|Any CPU
		{83E5E265-76E2-4A65-90F5-ED05E0040832}.Release|Any CPU.ActiveCfg = Release|Any CPU
		{83E5E265-76E2-4A65-90F5-ED05E0040832}.Release|Any CPU.Build.0 = Release|Any CPU
		{FDE70907-D975-49E7-BD68-FF1AE78612EC}.Debug|Any CPU.ActiveCfg = Debug|Any CPU
		{FDE70907-D975-49E7-BD68-FF1AE78612EC}.Debug|Any CPU.Build.0 = Debug|Any CPU
		{FDE70907-D975-49E7-BD68-FF1AE78612EC}.Release|Any CPU.ActiveCfg = Release|Any CPU
		{FDE70907-D975-49E7-BD68-FF1AE78612EC}.Release|Any CPU.Build.0 = Release|Any CPU
		{4409A751-B49E-424D-B103-270D6A3F4E97}.Debug|Any CPU.ActiveCfg = Debug|Any CPU
		{4409A751-B49E-424D-B103-270D6A3F4E97}.Debug|Any CPU.Build.0 = Debug|Any CPU
		{4409A751-B49E-424D-B103-270D6A3F4E97}.Release|Any CPU.ActiveCfg = Release|Any CPU
		{4409A751-B49E-424D-B103-270D6A3F4E97}.Release|Any CPU.Build.0 = Release|Any CPU
	EndGlobalSection
	GlobalSection(SolutionProperties) = preSolution
		HideSolutionNode = FALSE
	EndGlobalSection
	GlobalSection(NestedProjects) = preSolution
		{48714993-982F-479F-89F3-87B72479A56B} = {D5A4D481-0C86-4C20-8973-38A402C036A6}
		{0FD6FDC5-89A0-4274-A07B-9B21C9045696} = {D5A4D481-0C86-4C20-8973-38A402C036A6}
		{69FD413F-953B-4881-B514-C3997FCB6E0F} = {D5A4D481-0C86-4C20-8973-38A402C036A6}
		{27D55AEB-B29F-4047-8C4E-4EDDEF0D38E4} = {48714993-982F-479F-89F3-87B72479A56B}
		{75C25CAA-C37D-45D7-B95E-8F1AC9397D24} = {48714993-982F-479F-89F3-87B72479A56B}
		{7EAFB7F2-816F-4A14-BEC2-EF17A327ED5B} = {0FD6FDC5-89A0-4274-A07B-9B21C9045696}
		{83E5E265-76E2-4A65-90F5-ED05E0040832} = {0FD6FDC5-89A0-4274-A07B-9B21C9045696}
		{FDE70907-D975-49E7-BD68-FF1AE78612EC} = {69FD413F-953B-4881-B514-C3997FCB6E0F}
		{4409A751-B49E-424D-B103-270D6A3F4E97} = {0FD6FDC5-89A0-4274-A07B-9B21C9045696}
	EndGlobalSection
	GlobalSection(ExtensibilityGlobals) = postSolution
		SolutionGuid = {CC0BC4F2-8620-46C4-86BA-601F3248B9B7}
	EndGlobalSection
EndGlobal
